
Microsoft Visual Studio Solution File, Format Version 12.00
# Visual Studio Version 16
VisualStudioVersion = 16.0.31515.178
MinimumVisualStudioVersion = 10.0.40219.1
Project("{9A19103F-16F7-4668-BE54-9A1E7A4F7556}") = "inputsalejo.Common", "inputsalejo.Common\inputsalejo.Common.csproj", "{D325019C-ACC5-4011-B7F4-6234E4CAD678}"
EndProject
Project("{9A19103F-16F7-4668-BE54-9A1E7A4F7556}") = "inputsalejo.Functions", "inputsalejo.Functions\inputsalejo.Functions.csproj", "{C6E1B780-0A2F-419E-8F29-D3AEF9E57808}"
EndProject
Project("{FAE04EC0-301F-11D3-BF4B-00C04F79EFBC}") = "inputsalejo.Tests", "inputsalejo.Tests\inputsalejo.Tests.csproj", "{A8B9B86D-DEDE-4471-8572-CFBFC4D82E9C}"
EndProject
Global
	GlobalSection(SolutionConfigurationPlatforms) = preSolution
		Debug|Any CPU = Debug|Any CPU
		Release|Any CPU = Release|Any CPU
	EndGlobalSection
	GlobalSection(ProjectConfigurationPlatforms) = postSolution
		{D325019C-ACC5-4011-B7F4-6234E4CAD678}.Debug|Any CPU.ActiveCfg = Debug|Any CPU
		{D325019C-ACC5-4011-B7F4-6234E4CAD678}.Debug|Any CPU.Build.0 = Debug|Any CPU
		{D325019C-ACC5-4011-B7F4-6234E4CAD678}.Release|Any CPU.ActiveCfg = Release|Any CPU
		{D325019C-ACC5-4011-B7F4-6234E4CAD678}.Release|Any CPU.Build.0 = Release|Any CPU
		{C6E1B780-0A2F-419E-8F29-D3AEF9E57808}.Debug|Any CPU.ActiveCfg = Debug|Any CPU
		{C6E1B780-0A2F-419E-8F29-D3AEF9E57808}.Debug|Any CPU.Build.0 = Debug|Any CPU
		{C6E1B780-0A2F-419E-8F29-D3AEF9E57808}.Release|Any CPU.ActiveCfg = Release|Any CPU
		{C6E1B780-0A2F-419E-8F29-D3AEF9E57808}.Release|Any CPU.Build.0 = Release|Any CPU
		{A8B9B86D-DEDE-4471-8572-CFBFC4D82E9C}.Debug|Any CPU.ActiveCfg = Debug|Any CPU
		{A8B9B86D-DEDE-4471-8572-CFBFC4D82E9C}.Debug|Any CPU.Build.0 = Debug|Any CPU
		{A8B9B86D-DEDE-4471-8572-CFBFC4D82E9C}.Release|Any CPU.ActiveCfg = Release|Any CPU
		{A8B9B86D-DEDE-4471-8572-CFBFC4D82E9C}.Release|Any CPU.Build.0 = Release|Any CPU
	EndGlobalSection
	GlobalSection(SolutionProperties) = preSolution
		HideSolutionNode = FALSE
	EndGlobalSection
	GlobalSection(ExtensibilityGlobals) = postSolution
		SolutionGuid = {839EB49E-F282-4FE0-B1B7-B6F4A459AA7D}
	EndGlobalSection
EndGlobal
